// !$*UTF8*$!
{
	archiveVersion = 1;
	classes = {
	};
	objectVersion = 50;
	objects = {

/* Begin PBXBuildFile section */
		7710F930247CB7FC000A87F8 /* AppDelegate.m in Sources */ = {isa = PBXBuildFile; fileRef = 7710F92F247CB7FC000A87F8 /* AppDelegate.m */; };
		7710F939247CB7FC000A87F8 /* Main.storyboard in Resources */ = {isa = PBXBuildFile; fileRef = 7710F937247CB7FC000A87F8 /* Main.storyboard */; };
		7710F93E247CB802000A87F8 /* LaunchScreen.storyboard in Resources */ = {isa = PBXBuildFile; fileRef = 7710F93C247CB802000A87F8 /* LaunchScreen.storyboard */; };
		7710F941247CB802000A87F8 /* main.m in Sources */ = {isa = PBXBuildFile; fileRef = 7710F940247CB802000A87F8 /* main.m */; };
		7710F94B247CB802000A87F8 /* ToolsTests.m in Sources */ = {isa = PBXBuildFile; fileRef = 7710F94A247CB802000A87F8 /* ToolsTests.m */; };
		7710F956247CB802000A87F8 /* ToolsUITests.m in Sources */ = {isa = PBXBuildFile; fileRef = 7710F955247CB802000A87F8 /* ToolsUITests.m */; };
		7710F97F247CBF97000A87F8 /* LaunchImage.xcassets in Resources */ = {isa = PBXBuildFile; fileRef = 7710F97E247CBF97000A87F8 /* LaunchImage.xcassets */; };
		7710F998247CE9A8000A87F8 /* Images.xcassets in Resources */ = {isa = PBXBuildFile; fileRef = 7710F997247CE9A8000A87F8 /* Images.xcassets */; };
/* End PBXBuildFile section */

/* Begin PBXContainerItemProxy section */
		7710F947247CB802000A87F8 /* PBXContainerItemProxy */ = {
			isa = PBXContainerItemProxy;
			containerPortal = 7710F923247CB7FC000A87F8 /* Project object */;
			proxyType = 1;
			remoteGlobalIDString = 7710F92A247CB7FC000A87F8;
			remoteInfo = Tools;
		};
		7710F952247CB802000A87F8 /* PBXContainerItemProxy */ = {
			isa = PBXContainerItemProxy;
			containerPortal = 7710F923247CB7FC000A87F8 /* Project object */;
			proxyType = 1;
			remoteGlobalIDString = 7710F92A247CB7FC000A87F8;
			remoteInfo = Tools;
		};
/* End PBXContainerItemProxy section */

/* Begin PBXFileReference section */
		7710F92B247CB7FC000A87F8 /* Tools.app */ = {isa = PBXFileReference; explicitFileType = wrapper.application; includeInIndex = 0; path = Tools.app; sourceTree = BUILT_PRODUCTS_DIR; };
		7710F92E247CB7FC000A87F8 /* AppDelegate.h */ = {isa = PBXFileReference; lastKnownFileType = sourcecode.c.h; path = AppDelegate.h; sourceTree = "<group>"; };
		7710F92F247CB7FC000A87F8 /* AppDelegate.m */ = {isa = PBXFileReference; lastKnownFileType = sourcecode.c.objc; path = AppDelegate.m; sourceTree = "<group>"; };
		7710F938247CB7FC000A87F8 /* Base */ = {isa = PBXFileReference; lastKnownFileType = file.storyboard; name = Base; path = Base.lproj/Main.storyboard; sourceTree = "<group>"; };
		7710F93D247CB802000A87F8 /* Base */ = {isa = PBXFileReference; lastKnownFileType = file.storyboard; name = Base; path = Base.lproj/LaunchScreen.storyboard; sourceTree = "<group>"; };
		7710F93F247CB802000A87F8 /* Info.plist */ = {isa = PBXFileReference; lastKnownFileType = text.plist.xml; path = Info.plist; sourceTree = "<group>"; };
		7710F940247CB802000A87F8 /* main.m */ = {isa = PBXFileReference; lastKnownFileType = sourcecode.c.objc; path = main.m; sourceTree = "<group>"; };
		7710F946247CB802000A87F8 /* ToolsTests.xctest */ = {isa = PBXFileReference; explicitFileType = wrapper.cfbundle; includeInIndex = 0; path = ToolsTests.xctest; sourceTree = BUILT_PRODUCTS_DIR; };
		7710F94A247CB802000A87F8 /* ToolsTests.m */ = {isa = PBXFileReference; lastKnownFileType = sourcecode.c.objc; path = ToolsTests.m; sourceTree = "<group>"; };
		7710F94C247CB802000A87F8 /* Info.plist */ = {isa = PBXFileReference; lastKnownFileType = text.plist.xml; path = Info.plist; sourceTree = "<group>"; };
		7710F951247CB802000A87F8 /* ToolsUITests.xctest */ = {isa = PBXFileReference; explicitFileType = wrapper.cfbundle; includeInIndex = 0; path = ToolsUITests.xctest; sourceTree = BUILT_PRODUCTS_DIR; };
		7710F955247CB802000A87F8 /* ToolsUITests.m */ = {isa = PBXFileReference; lastKnownFileType = sourcecode.c.objc; path = ToolsUITests.m; sourceTree = "<group>"; };
		7710F957247CB802000A87F8 /* Info.plist */ = {isa = PBXFileReference; lastKnownFileType = text.plist.xml; path = Info.plist; sourceTree = "<group>"; };
		7710F97E247CBF97000A87F8 /* LaunchImage.xcassets */ = {isa = PBXFileReference; lastKnownFileType = folder.assetcatalog; path = LaunchImage.xcassets; sourceTree = "<group>"; };
		7710F997247CE9A8000A87F8 /* Images.xcassets */ = {isa = PBXFileReference; lastKnownFileType = folder.assetcatalog; path = Images.xcassets; sourceTree = "<group>"; };
/* End PBXFileReference section */

/* Begin PBXFrameworksBuildPhase section */
		7710F928247CB7FC000A87F8 /* Frameworks */ = {
			isa = PBXFrameworksBuildPhase;
			buildActionMask = 2147483647;
			files = (
			);
			runOnlyForDeploymentPostprocessing = 0;
		};
		7710F943247CB802000A87F8 /* Frameworks */ = {
			isa = PBXFrameworksBuildPhase;
			buildActionMask = 2147483647;
			files = (
			);
			runOnlyForDeploymentPostprocessing = 0;
		};
		7710F94E247CB802000A87F8 /* Frameworks */ = {
			isa = PBXFrameworksBuildPhase;
			buildActionMask = 2147483647;
			files = (
			);
			runOnlyForDeploymentPostprocessing = 0;
		};
/* End PBXFrameworksBuildPhase section */

/* Begin PBXGroup section */
		7710F922247CB7FC000A87F8 = {
			isa = PBXGroup;
			children = (
				7710F92D247CB7FC000A87F8 /* Tools */,
				7710F949247CB802000A87F8 /* ToolsTests */,
				7710F954247CB802000A87F8 /* ToolsUITests */,
				7710F92C247CB7FC000A87F8 /* Products */,
			);
			sourceTree = "<group>";
		};
		7710F92C247CB7FC000A87F8 /* Products */ = {
			isa = PBXGroup;
			children = (
				7710F92B247CB7FC000A87F8 /* Tools.app */,
				7710F946247CB802000A87F8 /* ToolsTests.xctest */,
				7710F951247CB802000A87F8 /* ToolsUITests.xctest */,
			);
			name = Products;
			sourceTree = "<group>";
		};
		7710F92D247CB7FC000A87F8 /* Tools */ = {
			isa = PBXGroup;
			children = (
				7710F997247CE9A8000A87F8 /* Images.xcassets */,
				7710F996247CC4F7000A87F8 /* CommonMethods */,
				7710F991247CC4C6000A87F8 /* Font */,
				7710F98C247CC3B7000A87F8 /* Sticker */,
				7710F975247CBDA0000A87F8 /* LaunchPage */,
				7710F937247CB7FC000A87F8 /* Main.storyboard */,
				7710F93C247CB802000A87F8 /* LaunchScreen.storyboard */,
				7710F93F247CB802000A87F8 /* Info.plist */,
				7710F940247CB802000A87F8 /* main.m */,
			);
			path = Tools;
			sourceTree = "<group>";
		};
		7710F949247CB802000A87F8 /* ToolsTests */ = {
			isa = PBXGroup;
			children = (
				7710F94A247CB802000A87F8 /* ToolsTests.m */,
				7710F94C247CB802000A87F8 /* Info.plist */,
			);
			path = ToolsTests;
			sourceTree = "<group>";
		};
		7710F954247CB802000A87F8 /* ToolsUITests */ = {
			isa = PBXGroup;
			children = (
				7710F955247CB802000A87F8 /* ToolsUITests.m */,
				7710F957247CB802000A87F8 /* Info.plist */,
			);
			path = ToolsUITests;
			sourceTree = "<group>";
		};
		7710F975247CBDA0000A87F8 /* LaunchPage */ = {
			isa = PBXGroup;
			children = (
				7710F97B247CBE7F000A87F8 /* Main */,
				7710F979247CBDD2000A87F8 /* Models */,
				7710F978247CBDCB000A87F8 /* Tools */,
				7710F977247CBDC4000A87F8 /* Controllers */,
				7710F976247CBDBA000A87F8 /* Views */,
				7710F97E247CBF97000A87F8 /* LaunchImage.xcassets */,
			);
			path = LaunchPage;
			sourceTree = "<group>";
		};
		7710F976247CBDBA000A87F8 /* Views */ = {
			isa = PBXGroup;
			children = (
			);
			path = Views;
			sourceTree = "<group>";
		};
		7710F977247CBDC4000A87F8 /* Controllers */ = {
			isa = PBXGroup;
			children = (
			);
			path = Controllers;
			sourceTree = "<group>";
		};
		7710F978247CBDCB000A87F8 /* Tools */ = {
			isa = PBXGroup;
			children = (
			);
			path = Tools;
			sourceTree = "<group>";
		};
		7710F979247CBDD2000A87F8 /* Models */ = {
			isa = PBXGroup;
			children = (
			);
			path = Models;
			sourceTree = "<group>";
		};
		7710F97B247CBE7F000A87F8 /* Main */ = {
			isa = PBXGroup;
			children = (
				7710F92E247CB7FC000A87F8 /* AppDelegate.h */,
				7710F92F247CB7FC000A87F8 /* AppDelegate.m */,
			);
			path = Main;
			sourceTree = "<group>";
		};
		7710F98C247CC3B7000A87F8 /* Sticker */ = {
			isa = PBXGroup;
			children = (
				7710F98D247CC3B7000A87F8 /* Tools */,
				7710F98E247CC3B7000A87F8 /* Models */,
				7710F98F247CC3B7000A87F8 /* Controllers */,
				7710F990247CC3B7000A87F8 /* Views */,
			);
			name = Sticker;
			path = Tools/Sticker;
			sourceTree = SOURCE_ROOT;
		};
		7710F98D247CC3B7000A87F8 /* Tools */ = {
			isa = PBXGroup;
			children = (
			);
			path = Tools;
			sourceTree = "<group>";
		};
		7710F98E247CC3B7000A87F8 /* Models */ = {
			isa = PBXGroup;
			children = (
			);
			path = Models;
			sourceTree = "<group>";
		};
		7710F98F247CC3B7000A87F8 /* Controllers */ = {
			isa = PBXGroup;
			children = (
			);
			path = Controllers;
			sourceTree = "<group>";
		};
		7710F990247CC3B7000A87F8 /* Views */ = {
			isa = PBXGroup;
			children = (
			);
			path = Views;
			sourceTree = "<group>";
		};
		7710F991247CC4C6000A87F8 /* Font */ = {
			isa = PBXGroup;
			children = (
				7710F992247CC4C6000A87F8 /* Tools */,
				7710F993247CC4C6000A87F8 /* Models */,
				7710F994247CC4C6000A87F8 /* Controllers */,
				7710F995247CC4C6000A87F8 /* Views */,
			);
			path = Font;
			sourceTree = "<group>";
		};
		7710F992247CC4C6000A87F8 /* Tools */ = {
			isa = PBXGroup;
			children = (
			);
			path = Tools;
			sourceTree = "<group>";
		};
		7710F993247CC4C6000A87F8 /* Models */ = {
			isa = PBXGroup;
			children = (
			);
			path = Models;
			sourceTree = "<group>";
		};
		7710F994247CC4C6000A87F8 /* Controllers */ = {
			isa = PBXGroup;
			children = (
			);
			path = Controllers;
			sourceTree = "<group>";
		};
		7710F995247CC4C6000A87F8 /* Views */ = {
			isa = PBXGroup;
			children = (
			);
			path = Views;
			sourceTree = "<group>";
		};
		7710F996247CC4F7000A87F8 /* CommonMethods */ = {
			isa = PBXGroup;
			children = (
			);
			path = CommonMethods;
			sourceTree = "<group>";
		};
/* End PBXGroup section */

/* Begin PBXNativeTarget section */
		7710F92A247CB7FC000A87F8 /* Tools */ = {
			isa = PBXNativeTarget;
			buildConfigurationList = 7710F95A247CB802000A87F8 /* Build configuration list for PBXNativeTarget "Tools" */;
			buildPhases = (
				7710F927247CB7FC000A87F8 /* Sources */,
				7710F928247CB7FC000A87F8 /* Frameworks */,
				7710F929247CB7FC000A87F8 /* Resources */,
			);
			buildRules = (
			);
			dependencies = (
			);
			name = Tools;
			productName = Tools;
			productReference = 7710F92B247CB7FC000A87F8 /* Tools.app */;
			productType = "com.apple.product-type.application";
		};
		7710F945247CB802000A87F8 /* ToolsTests */ = {
			isa = PBXNativeTarget;
			buildConfigurationList = 7710F95D247CB802000A87F8 /* Build configuration list for PBXNativeTarget "ToolsTests" */;
			buildPhases = (
				7710F942247CB802000A87F8 /* Sources */,
				7710F943247CB802000A87F8 /* Frameworks */,
				7710F944247CB802000A87F8 /* Resources */,
			);
			buildRules = (
			);
			dependencies = (
				7710F948247CB802000A87F8 /* PBXTargetDependency */,
			);
			name = ToolsTests;
			productName = ToolsTests;
			productReference = 7710F946247CB802000A87F8 /* ToolsTests.xctest */;
			productType = "com.apple.product-type.bundle.unit-test";
		};
		7710F950247CB802000A87F8 /* ToolsUITests */ = {
			isa = PBXNativeTarget;
			buildConfigurationList = 7710F960247CB802000A87F8 /* Build configuration list for PBXNativeTarget "ToolsUITests" */;
			buildPhases = (
				7710F94D247CB802000A87F8 /* Sources */,
				7710F94E247CB802000A87F8 /* Frameworks */,
				7710F94F247CB802000A87F8 /* Resources */,
			);
			buildRules = (
			);
			dependencies = (
				7710F953247CB802000A87F8 /* PBXTargetDependency */,
			);
			name = ToolsUITests;
			productName = ToolsUITests;
			productReference = 7710F951247CB802000A87F8 /* ToolsUITests.xctest */;
			productType = "com.apple.product-type.bundle.ui-testing";
		};
/* End PBXNativeTarget section */

/* Begin PBXProject section */
		7710F923247CB7FC000A87F8 /* Project object */ = {
			isa = PBXProject;
			attributes = {
				LastUpgradeCheck = 1150;
				ORGANIZATIONNAME = "申凡";
				TargetAttributes = {
					7710F92A247CB7FC000A87F8 = {
						CreatedOnToolsVersion = 11.5;
					};
					7710F945247CB802000A87F8 = {
						CreatedOnToolsVersion = 11.5;
						TestTargetID = 7710F92A247CB7FC000A87F8;
					};
					7710F950247CB802000A87F8 = {
						CreatedOnToolsVersion = 11.5;
						TestTargetID = 7710F92A247CB7FC000A87F8;
					};
				};
			};
			buildConfigurationList = 7710F926247CB7FC000A87F8 /* Build configuration list for PBXProject "Tools" */;
			compatibilityVersion = "Xcode 9.3";
			developmentRegion = en;
			hasScannedForEncodings = 0;
			knownRegions = (
				en,
				Base,
			);
			mainGroup = 7710F922247CB7FC000A87F8;
			productRefGroup = 7710F92C247CB7FC000A87F8 /* Products */;
			projectDirPath = "";
			projectRoot = "";
			targets = (
				7710F92A247CB7FC000A87F8 /* Tools */,
				7710F945247CB802000A87F8 /* ToolsTests */,
				7710F950247CB802000A87F8 /* ToolsUITests */,
			);
		};
/* End PBXProject section */

/* Begin PBXResourcesBuildPhase section */
		7710F929247CB7FC000A87F8 /* Resources */ = {
			isa = PBXResourcesBuildPhase;
			buildActionMask = 2147483647;
			files = (
				7710F93E247CB802000A87F8 /* LaunchScreen.storyboard in Resources */,
				7710F998247CE9A8000A87F8 /* Images.xcassets in Resources */,
				7710F939247CB7FC000A87F8 /* Main.storyboard in Resources */,
				7710F97F247CBF97000A87F8 /* LaunchImage.xcassets in Resources */,
			);
			runOnlyForDeploymentPostprocessing = 0;
		};
		7710F944247CB802000A87F8 /* Resources */ = {
			isa = PBXResourcesBuildPhase;
			buildActionMask = 2147483647;
			files = (
			);
			runOnlyForDeploymentPostprocessing = 0;
		};
		7710F94F247CB802000A87F8 /* Resources */ = {
			isa = PBXResourcesBuildPhase;
			buildActionMask = 2147483647;
			files = (
			);
			runOnlyForDeploymentPostprocessing = 0;
		};
/* End PBXResourcesBuildPhase section */

/* Begin PBXSourcesBuildPhase section */
		7710F927247CB7FC000A87F8 /* Sources */ = {
			isa = PBXSourcesBuildPhase;
			buildActionMask = 2147483647;
			files = (
				7710F930247CB7FC000A87F8 /* AppDelegate.m in Sources */,
				7710F941247CB802000A87F8 /* main.m in Sources */,
			);
			runOnlyForDeploymentPostprocessing = 0;
		};
		7710F942247CB802000A87F8 /* Sources */ = {
			isa = PBXSourcesBuildPhase;
			buildActionMask = 2147483647;
			files = (
				7710F94B247CB802000A87F8 /* ToolsTests.m in Sources */,
			);
			runOnlyForDeploymentPostprocessing = 0;
		};
		7710F94D247CB802000A87F8 /* Sources */ = {
			isa = PBXSourcesBuildPhase;
			buildActionMask = 2147483647;
			files = (
				7710F956247CB802000A87F8 /* ToolsUITests.m in Sources */,
			);
			runOnlyForDeploymentPostprocessing = 0;
		};
/* End PBXSourcesBuildPhase section */

/* Begin PBXTargetDependency section */
		7710F948247CB802000A87F8 /* PBXTargetDependency */ = {
			isa = PBXTargetDependency;
			target = 7710F92A247CB7FC000A87F8 /* Tools */;
			targetProxy = 7710F947247CB802000A87F8 /* PBXContainerItemProxy */;
		};
		7710F953247CB802000A87F8 /* PBXTargetDependency */ = {
			isa = PBXTargetDependency;
			target = 7710F92A247CB7FC000A87F8 /* Tools */;
			targetProxy = 7710F952247CB802000A87F8 /* PBXContainerItemProxy */;
		};
/* End PBXTargetDependency section */

/* Begin PBXVariantGroup section */
		7710F937247CB7FC000A87F8 /* Main.storyboard */ = {
			isa = PBXVariantGroup;
			children = (
				7710F938247CB7FC000A87F8 /* Base */,
			);
			name = Main.storyboard;
			sourceTree = "<group>";
		};
		7710F93C247CB802000A87F8 /* LaunchScreen.storyboard */ = {
			isa = PBXVariantGroup;
			children = (
				7710F93D247CB802000A87F8 /* Base */,
			);
			name = LaunchScreen.storyboard;
			sourceTree = "<group>";
		};
/* End PBXVariantGroup section */

/* Begin XCBuildConfiguration section */
		7710F958247CB802000A87F8 /* Debug */ = {
			isa = XCBuildConfiguration;
			buildSettings = {
				ALWAYS_SEARCH_USER_PATHS = NO;
				CLANG_ANALYZER_NONNULL = YES;
				CLANG_ANALYZER_NUMBER_OBJECT_CONVERSION = YES_AGGRESSIVE;
				CLANG_CXX_LANGUAGE_STANDARD = "gnu++14";
				CLANG_CXX_LIBRARY = "libc++";
				CLANG_ENABLE_MODULES = YES;
				CLANG_ENABLE_OBJC_ARC = YES;
				CLANG_ENABLE_OBJC_WEAK = YES;
				CLANG_WARN_BLOCK_CAPTURE_AUTORELEASING = YES;
				CLANG_WARN_BOOL_CONVERSION = YES;
				CLANG_WARN_COMMA = YES;
				CLANG_WARN_CONSTANT_CONVERSION = YES;
				CLANG_WARN_DEPRECATED_OBJC_IMPLEMENTATIONS = YES;
				CLANG_WARN_DIRECT_OBJC_ISA_USAGE = YES_ERROR;
				CLANG_WARN_DOCUMENTATION_COMMENTS = YES;
				CLANG_WARN_EMPTY_BODY = YES;
				CLANG_WARN_ENUM_CONVERSION = YES;
				CLANG_WARN_INFINITE_RECURSION = YES;
				CLANG_WARN_INT_CONVERSION = YES;
				CLANG_WARN_NON_LITERAL_NULL_CONVERSION = YES;
				CLANG_WARN_OBJC_IMPLICIT_RETAIN_SELF = YES;
				CLANG_WARN_OBJC_LITERAL_CONVERSION = YES;
				CLANG_WARN_OBJC_ROOT_CLASS = YES_ERROR;
				CLANG_WARN_RANGE_LOOP_ANALYSIS = YES;
				CLANG_WARN_STRICT_PROTOTYPES = YES;
				CLANG_WARN_SUSPICIOUS_MOVE = YES;
				CLANG_WARN_UNGUARDED_AVAILABILITY = YES_AGGRESSIVE;
				CLANG_WARN_UNREACHABLE_CODE = YES;
				CLANG_WARN__DUPLICATE_METHOD_MATCH = YES;
				COPY_PHASE_STRIP = NO;
				DEBUG_INFORMATION_FORMAT = dwarf;
				ENABLE_STRICT_OBJC_MSGSEND = YES;
				ENABLE_TESTABILITY = YES;
				GCC_C_LANGUAGE_STANDARD = gnu11;
				GCC_DYNAMIC_NO_PIC = NO;
				GCC_NO_COMMON_BLOCKS = YES;
				GCC_OPTIMIZATION_LEVEL = 0;
				GCC_PREPROCESSOR_DEFINITIONS = (
					"DEBUG=1",
					"$(inherited)",
				);
				GCC_WARN_64_TO_32_BIT_CONVERSION = YES;
				GCC_WARN_ABOUT_RETURN_TYPE = YES_ERROR;
				GCC_WARN_UNDECLARED_SELECTOR = YES;
				GCC_WARN_UNINITIALIZED_AUTOS = YES_AGGRESSIVE;
				GCC_WARN_UNUSED_FUNCTION = YES;
				GCC_WARN_UNUSED_VARIABLE = YES;
				IPHONEOS_DEPLOYMENT_TARGET = 13.5;
				MTL_ENABLE_DEBUG_INFO = INCLUDE_SOURCE;
				MTL_FAST_MATH = YES;
				ONLY_ACTIVE_ARCH = YES;
				SDKROOT = iphoneos;
			};
			name = Debug;
		};
		7710F959247CB802000A87F8 /* Release */ = {
			isa = XCBuildConfiguration;
			buildSettings = {
				ALWAYS_SEARCH_USER_PATHS = NO;
				CLANG_ANALYZER_NONNULL = YES;
				CLANG_ANALYZER_NUMBER_OBJECT_CONVERSION = YES_AGGRESSIVE;
				CLANG_CXX_LANGUAGE_STANDARD = "gnu++14";
				CLANG_CXX_LIBRARY = "libc++";
				CLANG_ENABLE_MODULES = YES;
				CLANG_ENABLE_OBJC_ARC = YES;
				CLANG_ENABLE_OBJC_WEAK = YES;
				CLANG_WARN_BLOCK_CAPTURE_AUTORELEASING = YES;
				CLANG_WARN_BOOL_CONVERSION = YES;
				CLANG_WARN_COMMA = YES;
				CLANG_WARN_CONSTANT_CONVERSION = YES;
				CLANG_WARN_DEPRECATED_OBJC_IMPLEMENTATIONS = YES;
				CLANG_WARN_DIRECT_OBJC_ISA_USAGE = YES_ERROR;
				CLANG_WARN_DOCUMENTATION_COMMENTS = YES;
				CLANG_WARN_EMPTY_BODY = YES;
				CLANG_WARN_ENUM_CONVERSION = YES;
				CLANG_WARN_INFINITE_RECURSION = YES;
				CLANG_WARN_INT_CONVERSION = YES;
				CLANG_WARN_NON_LITERAL_NULL_CONVERSION = YES;
				CLANG_WARN_OBJC_IMPLICIT_RETAIN_SELF = YES;
				CLANG_WARN_OBJC_LITERAL_CONVERSION = YES;
				CLANG_WARN_OBJC_ROOT_CLASS = YES_ERROR;
				CLANG_WARN_RANGE_LOOP_ANALYSIS = YES;
				CLANG_WARN_STRICT_PROTOTYPES = YES;
				CLANG_WARN_SUSPICIOUS_MOVE = YES;
				CLANG_WARN_UNGUARDED_AVAILABILITY = YES_AGGRESSIVE;
				CLANG_WARN_UNREACHABLE_CODE = YES;
				CLANG_WARN__DUPLICATE_METHOD_MATCH = YES;
				COPY_PHASE_STRIP = NO;
				DEBUG_INFORMATION_FORMAT = "dwarf-with-dsym";
				ENABLE_NS_ASSERTIONS = NO;
				ENABLE_STRICT_OBJC_MSGSEND = YES;
				GCC_C_LANGUAGE_STANDARD = gnu11;
				GCC_NO_COMMON_BLOCKS = YES;
				GCC_WARN_64_TO_32_BIT_CONVERSION = YES;
				GCC_WARN_ABOUT_RETURN_TYPE = YES_ERROR;
				GCC_WARN_UNDECLARED_SELECTOR = YES;
				GCC_WARN_UNINITIALIZED_AUTOS = YES_AGGRESSIVE;
				GCC_WARN_UNUSED_FUNCTION = YES;
				GCC_WARN_UNUSED_VARIABLE = YES;
				IPHONEOS_DEPLOYMENT_TARGET = 13.5;
				MTL_ENABLE_DEBUG_INFO = NO;
				MTL_FAST_MATH = YES;
				SDKROOT = iphoneos;
				VALIDATE_PRODUCT = YES;
			};
			name = Release;
		};
		7710F95B247CB802000A87F8 /* Debug */ = {
			isa = XCBuildConfiguration;
			buildSettings = {
				ASSETCATALOG_COMPILER_APPICON_NAME = AppIcon;
				CODE_SIGN_STYLE = Automatic;
				INFOPLIST_FILE = Tools/Info.plist;
				LD_RUNPATH_SEARCH_PATHS = (
					"$(inherited)",
					"@executable_path/Frameworks",
				);
				PRODUCT_BUNDLE_IDENTIFIER = com.fan.Test.Tools;
				PRODUCT_NAME = "$(TARGET_NAME)";
				TARGETED_DEVICE_FAMILY = "1,2";
			};
			name = Debug;
		};
		7710F95C247CB802000A87F8 /* Release */ = {
			isa = XCBuildConfiguration;
			buildSettings = {
				ASSETCATALOG_COMPILER_APPICON_NAME = AppIcon;
				CODE_SIGN_STYLE = Automatic;
				INFOPLIST_FILE = Tools/Info.plist;
				LD_RUNPATH_SEARCH_PATHS = (
					"$(inherited)",
					"@executable_path/Frameworks",
				);
				PRODUCT_BUNDLE_IDENTIFIER = com.fan.Test.Tools;
				PRODUCT_NAME = "$(TARGET_NAME)";
				TARGETED_DEVICE_FAMILY = "1,2";
			};
			name = Release;
		};
		7710F95E247CB802000A87F8 /* Debug */ = {
			isa = XCBuildConfiguration;
			buildSettings = {
				BUNDLE_LOADER = "$(TEST_HOST)";
				CODE_SIGN_STYLE = Automatic;
				INFOPLIST_FILE = ToolsTests/Info.plist;
				IPHONEOS_DEPLOYMENT_TARGET = 13.5;
				LD_RUNPATH_SEARCH_PATHS = (
					"$(inherited)",
					"@executable_path/Frameworks",
					"@loader_path/Frameworks",
				);
				PRODUCT_BUNDLE_IDENTIFIER = com.fan.Test.ToolsTests;
				PRODUCT_NAME = "$(TARGET_NAME)";
				TARGETED_DEVICE_FAMILY = "1,2";
				TEST_HOST = "$(BUILT_PRODUCTS_DIR)/Tools.app/Tools";
			};
			name = Debug;
		};
		7710F95F247CB802000A87F8 /* Release */ = {
			isa = XCBuildConfiguration;
			buildSettings = {
				BUNDLE_LOADER = "$(TEST_HOST)";
				CODE_SIGN_STYLE = Automatic;
				INFOPLIST_FILE = ToolsTests/Info.plist;
				IPHONEOS_DEPLOYMENT_TARGET = 13.5;
				LD_RUNPATH_SEARCH_PATHS = (
					"$(inherited)",
					"@executable_path/Frameworks",
					"@loader_path/Frameworks",
				);
				PRODUCT_BUNDLE_IDENTIFIER = com.fan.Test.ToolsTests;
				PRODUCT_NAME = "$(TARGET_NAME)";
				TARGETED_DEVICE_FAMILY = "1,2";
				TEST_HOST = "$(BUILT_PRODUCTS_DIR)/Tools.app/Tools";
			};
			name = Release;
		};
		7710F961247CB802000A87F8 /* Debug */ = {
			isa = XCBuildConfiguration;
			buildSettings = {
				CODE_SIGN_STYLE = Automatic;
				INFOPLIST_FILE = ToolsUITests/Info.plist;
				LD_RUNPATH_SEARCH_PATHS = (
					"$(inherited)",
					"@executable_path/Frameworks",
					"@loader_path/Frameworks",
				);
				PRODUCT_BUNDLE_IDENTIFIER = com.fan.Test.ToolsUITests;
				PRODUCT_NAME = "$(TARGET_NAME)";
				TARGETED_DEVICE_FAMILY = "1,2";
				TEST_TARGET_NAME = Tools;
			};
			name = Debug;
		};
		7710F962247CB802000A87F8 /* Release */ = {
			isa = XCBuildConfiguration;
			buildSettings = {
				CODE_SIGN_STYLE = Automatic;
				INFOPLIST_FILE = ToolsUITests/Info.plist;
				LD_RUNPATH_SEARCH_PATHS = (
					"$(inherited)",
					"@executable_path/Frameworks",
					"@loader_path/Frameworks",
				);
				PRODUCT_BUNDLE_IDENTIFIER = com.fan.Test.ToolsUITests;
				PRODUCT_NAME = "$(TARGET_NAME)";
				TARGETED_DEVICE_FAMILY = "1,2";
				TEST_TARGET_NAME = Tools;
			};
			name = Release;
		};
/* End XCBuildConfiguration section */

/* Begin XCConfigurationList section */
		7710F926247CB7FC000A87F8 /* Build configuration list for PBXProject "Tools" */ = {
			isa = XCConfigurationList;
			buildConfigurations = (
				7710F958247CB802000A87F8 /* Debug */,
				7710F959247CB802000A87F8 /* Release */,
			);
			defaultConfigurationIsVisible = 0;
			defaultConfigurationName = Release;
		};
		7710F95A247CB802000A87F8 /* Build configuration list for PBXNativeTarget "Tools" */ = {
			isa = XCConfigurationList;
			buildConfigurations = (
				7710F95B247CB802000A87F8 /* Debug */,
				7710F95C247CB802000A87F8 /* Release */,
			);
			defaultConfigurationIsVisible = 0;
			defaultConfigurationName = Release;
		};
		7710F95D247CB802000A87F8 /* Build configuration list for PBXNativeTarget "ToolsTests" */ = {
			isa = XCConfigurationList;
			buildConfigurations = (
				7710F95E247CB802000A87F8 /* Debug */,
				7710F95F247CB802000A87F8 /* Release */,
			);
			defaultConfigurationIsVisible = 0;
			defaultConfigurationName = Release;
		};
		7710F960247CB802000A87F8 /* Build configuration list for PBXNativeTarget "ToolsUITests" */ = {
			isa = XCConfigurationList;
			buildConfigurations = (
				7710F961247CB802000A87F8 /* Debug */,
				7710F962247CB802000A87F8 /* Release */,
			);
			defaultConfigurationIsVisible = 0;
			defaultConfigurationName = Release;
		};
/* End XCConfigurationList section */
	};
	rootObject = 7710F923247CB7FC000A87F8 /* Project object */;
}
